
Microsoft Visual Studio Solution File, Format Version 12.00
# Visual Studio Version 16
VisualStudioVersion = 16.0.31605.320
MinimumVisualStudioVersion = 10.0.40219.1
Project("{FAE04EC0-301F-11D3-BF4B-00C04F79EFBC}") = "ShoppingCart", "ShoppingCart\ShoppingCart.csproj", "{DA2EE11A-2E1E-4605-A2A8-733AC84D9523}"
EndProject
Global
	GlobalSection(SolutionConfigurationPlatforms) = preSolution
		Debug|Any CPU = Debug|Any CPU
		Release|Any CPU = Release|Any CPU
	EndGlobalSection
	GlobalSection(ProjectConfigurationPlatforms) = postSolution
		{DA2EE11A-2E1E-4605-A2A8-733AC84D9523}.Debug|Any CPU.ActiveCfg = Debug|Any CPU
		{DA2EE11A-2E1E-4605-A2A8-733AC84D9523}.Debug|Any CPU.Build.0 = Debug|Any CPU
		{DA2EE11A-2E1E-4605-A2A8-733AC84D9523}.Release|Any CPU.ActiveCfg = Release|Any CPU
		{DA2EE11A-2E1E-4605-A2A8-733AC84D9523}.Release|Any CPU.Build.0 = Release|Any CPU
	EndGlobalSection
	GlobalSection(SolutionProperties) = preSolution
		HideSolutionNode = FALSE
	EndGlobalSection
	GlobalSection(ExtensibilityGlobals) = postSolution
		SolutionGuid = {27FF1071-F13E-470E-A128-83B492A856A9}
	EndGlobalSection
EndGlobal
